{
  "name": "record",
  "version": "1.0.0",
  "lockfileVersion": 1,
  "requires": true,
  "dependencies": {
    "@vant/weapp": {
      "version": "1.7.2",
      "resolved": "https://repo.huaweicloud.com/repository/npm/@vant/weapp/-/weapp-1.7.2.tgz",
      "integrity": "sha512-hI5tCJuzi1xDVpX8oP1GCBwpGHiu1+jA+9rMVggFwpF/6W6itk3Oggt3tT1nhN1WumcCwafnluBnqooOExFdDA=="
    },
    "vant-weapp": {
      "version": "0.5.29",
      "resolved": "https://repo.huaweicloud.com/repository/npm/vant-weapp/-/vant-weapp-0.5.29.tgz",
      "integrity": "sha512-RMc0Ga914XFwspw2WuOMU8bOHlIkua8X1DoQ/KPnGQzjwT1uEL4S7W186EmaHF1wN2krB9BVd0LdRRt39dGh6Q=="
    }
  }
}
